{
  "requires": true,
  "lockfileVersion": 1,
  "dependencies": {
    "cldrjs": {
      "version": "0.5.1",
      "resolved": "https://registry.npmjs.org/cldrjs/-/cldrjs-0.5.1.tgz",
      "integrity": "sha512-xyiP8uAm8K1IhmpDndZLraloW1yqu0L+HYdQ7O1aGPxx9Cr+BMnPANlNhSt++UKfxytL2hd2NPXgTjiy7k43Ew=="
    },
    "globalize": {
      "version": "1.4.2",
      "resolved": "https://registry.npmjs.org/globalize/-/globalize-1.4.2.tgz",
      "integrity": "sha512-IfKeYI5mAITBmT5EnH8kSQB5uGson4Fkj2XtTpyEbIS7IHNfLHoeTyLJ6tfjiKC6cJXng3IhVurDk5C7ORqFhQ==",
      "requires": {
        "cldrjs": "^0.5.0"
      }
    },
    "jquery-validation-globalize": {
      "version": "0.1.1",
      "resolved": "https://registry.npmjs.org/jquery-validation-globalize/-/jquery-validation-globalize-0.1.1.tgz",
      "integrity": "sha1-Z4/Cc7S8akNzwmVYkoYdcv4tFIA="
    }
  }
}
